// !$*UTF8*$!
{
	archiveVersion = 1;
	classes = {
	};
	objectVersion = 56;
	objects = {

/* Begin PBXBuildFile section */
		5F01059229FFFE7800E0F44A /* Exercise.swift in Sources */ = {isa = PBXBuildFile; fileRef = 5F01059129FFFE7800E0F44A /* Exercise.swift */; };
		5F0105942A000E1F00E0F44A /* WorkoutDescriptionComponent.swift in Sources */ = {isa = PBXBuildFile; fileRef = 5F0105932A000E1F00E0F44A /* WorkoutDescriptionComponent.swift */; };
		5F0105962A0015FC00E0F44A /* AddExerciseView.swift in Sources */ = {isa = PBXBuildFile; fileRef = 5F0105952A0015FC00E0F44A /* AddExerciseView.swift */; };
		5F0105982A001A4D00E0F44A /* AddExerciseComponent.swift in Sources */ = {isa = PBXBuildFile; fileRef = 5F0105972A001A4D00E0F44A /* AddExerciseComponent.swift */; };
		5F01059A2A0024ED00E0F44A /* CreateWorkoutExerciseComponent.swift in Sources */ = {isa = PBXBuildFile; fileRef = 5F0105992A0024ED00E0F44A /* CreateWorkoutExerciseComponent.swift */; };
		5F01059C2A00532400E0F44A /* CreateWorkoutExerciseSetComponent.swift in Sources */ = {isa = PBXBuildFile; fileRef = 5F01059B2A00532400E0F44A /* CreateWorkoutExerciseSetComponent.swift */; };
		5F0105A42A00636400E0F44A /* WorkoutView.swift in Sources */ = {isa = PBXBuildFile; fileRef = 5F0105A32A00636400E0F44A /* WorkoutView.swift */; };
		5F0105A62A00650D00E0F44A /* WorkoutViewExerciseComponent.swift in Sources */ = {isa = PBXBuildFile; fileRef = 5F0105A52A00650D00E0F44A /* WorkoutViewExerciseComponent.swift */; };
		5F1D864F29A521340083C470 /* FriendCardComponent.swift in Sources */ = {isa = PBXBuildFile; fileRef = 5F1D864E29A521340083C470 /* FriendCardComponent.swift */; };
		5F1D865329A528690083C470 /* LoadMoreFriendsPlusButton.swift in Sources */ = {isa = PBXBuildFile; fileRef = 5F1D865229A528690083C470 /* LoadMoreFriendsPlusButton.swift */; };
		5F1D865529A52B4D0083C470 /* Person.swift in Sources */ = {isa = PBXBuildFile; fileRef = 5F1D865429A52B4D0083C470 /* Person.swift */; };
		5F1D865729A5310F0083C470 /* FeedPostComponent.swift in Sources */ = {isa = PBXBuildFile; fileRef = 5F1D865629A5310F0083C470 /* FeedPostComponent.swift */; };
		5F1D865929A535260083C470 /* FeedHeaderComponent.swift in Sources */ = {isa = PBXBuildFile; fileRef = 5F1D865829A535260083C470 /* FeedHeaderComponent.swift */; };
		5F1D865B29A536030083C470 /* CircleImageComponent.swift in Sources */ = {isa = PBXBuildFile; fileRef = 5F1D865A29A536030083C470 /* CircleImageComponent.swift */; };
		5F1D865E29A645EA0083C470 /* LineBreak.swift in Sources */ = {isa = PBXBuildFile; fileRef = 5F1D865D29A645EA0083C470 /* LineBreak.swift */; };
		5F503A0129F2D2D400C96B3C /* IdentityValidation.swift in Sources */ = {isa = PBXBuildFile; fileRef = 5F503A0029F2D2D400C96B3C /* IdentityValidation.swift */; };
		5F534DF429EF448D0083284D /* WebController.swift in Sources */ = {isa = PBXBuildFile; fileRef = 5F534DF329EF448D0083284D /* WebController.swift */; };
		5F534DF729EF44AC0083284D /* Register.swift in Sources */ = {isa = PBXBuildFile; fileRef = 5F534DF629EF44AC0083284D /* Register.swift */; };
		5F534DFA29EF46470083284D /* AppState.swift in Sources */ = {isa = PBXBuildFile; fileRef = 5F534DF929EF46470083284D /* AppState.swift */; };
		5F59D5C829ACF01100F73C26 /* CreateWorkoutView.swift in Sources */ = {isa = PBXBuildFile; fileRef = 5F59D5C729ACF01100F73C26 /* CreateWorkoutView.swift */; };
		5F734C2529AE50BC000A442F /* WorkoutStatisticsView.swift in Sources */ = {isa = PBXBuildFile; fileRef = 5F734C2429AE50BC000A442F /* WorkoutStatisticsView.swift */; };
		5F734C2729AE5134000A442F /* WorkoutStatisticsExerciseComponent.swift in Sources */ = {isa = PBXBuildFile; fileRef = 5F734C2629AE5134000A442F /* WorkoutStatisticsExerciseComponent.swift */; };
		5F788095299E7FF0004DDBF5 /* ContentView.swift in Sources */ = {isa = PBXBuildFile; fileRef = 5F788094299E7FF0004DDBF5 /* ContentView.swift */; };
		5F788097299E7FF1004DDBF5 /* Assets.xcassets in Resources */ = {isa = PBXBuildFile; fileRef = 5F788096299E7FF1004DDBF5 /* Assets.xcassets */; };
		5F78809A299E7FF1004DDBF5 /* Preview Assets.xcassets in Resources */ = {isa = PBXBuildFile; fileRef = 5F788099299E7FF1004DDBF5 /* Preview Assets.xcassets */; };
		5F78809C299E7FF1004DDBF5 /* Persistence.swift in Sources */ = {isa = PBXBuildFile; fileRef = 5F78809B299E7FF1004DDBF5 /* Persistence.swift */; };
		5F78809F299E7FF1004DDBF5 /* training_log_app.xcdatamodeld in Sources */ = {isa = PBXBuildFile; fileRef = 5F78809D299E7FF1004DDBF5 /* training_log_app.xcdatamodeld */; };
		5F788102299E9F86004DDBF5 /* NavigationBar.swift in Sources */ = {isa = PBXBuildFile; fileRef = 5F788101299E9F86004DDBF5 /* NavigationBar.swift */; };
		5F788107299F61BB004DDBF5 /* HomeView.swift in Sources */ = {isa = PBXBuildFile; fileRef = 5F788106299F61BB004DDBF5 /* HomeView.swift */; };
		5F78814529A395C1004DDBF5 /* AppEntry.swift in Sources */ = {isa = PBXBuildFile; fileRef = 5F78814429A395C1004DDBF5 /* AppEntry.swift */; };
		5F78814B29A3D435004DDBF5 /* TrainingMainView.swift in Sources */ = {isa = PBXBuildFile; fileRef = 5F78814A29A3D435004DDBF5 /* TrainingMainView.swift */; };
		5F78814E29A3D4A2004DDBF5 /* devListItem.swift in Sources */ = {isa = PBXBuildFile; fileRef = 5F78814D29A3D4A2004DDBF5 /* devListItem.swift */; };
		5F78815129A42D5D004DDBF5 /* TProgram.swift in Sources */ = {isa = PBXBuildFile; fileRef = 5F78815029A42D5D004DDBF5 /* TProgram.swift */; };
		5F78815529A42D92004DDBF5 /* TSet.swift in Sources */ = {isa = PBXBuildFile; fileRef = 5F78815429A42D92004DDBF5 /* TSet.swift */; };
		5F78815729A42D98004DDBF5 /* TWorkout.swift in Sources */ = {isa = PBXBuildFile; fileRef = 5F78815629A42D98004DDBF5 /* TWorkout.swift */; };
		5F78815929A42D9D004DDBF5 /* TExercise.swift in Sources */ = {isa = PBXBuildFile; fileRef = 5F78815829A42D9D004DDBF5 /* TExercise.swift */; };
		5F78815B29A42E36004DDBF5 /* Generator.swift in Sources */ = {isa = PBXBuildFile; fileRef = 5F78815A29A42E36004DDBF5 /* Generator.swift */; };
		5F78816129A4F469004DDBF5 /* ProfileView.swift in Sources */ = {isa = PBXBuildFile; fileRef = 5F78816029A4F469004DDBF5 /* ProfileView.swift */; };
		5F78816329A4F5E2004DDBF5 /* ProfileHeaderComponent.swift in Sources */ = {isa = PBXBuildFile; fileRef = 5F78816229A4F5E2004DDBF5 /* ProfileHeaderComponent.swift */; };
		5F78816529A4F971004DDBF5 /* ProfileStatsComponent.swift in Sources */ = {isa = PBXBuildFile; fileRef = 5F78816429A4F971004DDBF5 /* ProfileStatsComponent.swift */; };
		5F78816729A4FAAE004DDBF5 /* ProfileDashboardComponent.swift in Sources */ = {isa = PBXBuildFile; fileRef = 5F78816629A4FAAE004DDBF5 /* ProfileDashboardComponent.swift */; };
		5F78816A29A4FC30004DDBF5 /* BigRectangleButton.swift in Sources */ = {isa = PBXBuildFile; fileRef = 5F78816929A4FC30004DDBF5 /* BigRectangleButton.swift */; };
		5F78816C29A51803004DDBF5 /* ProfileViewCalendarComponent.swift in Sources */ = {isa = PBXBuildFile; fileRef = 5F78816B29A51803004DDBF5 /* ProfileViewCalendarComponent.swift */; };
		5F89A84729F2092000F2D11E /* APIConstants.swift in Sources */ = {isa = PBXBuildFile; fileRef = 5F89A84629F2092000F2D11E /* APIConstants.swift */; };
		5F8AD43B29EF475100AFF2FB /* RegisterView.swift in Sources */ = {isa = PBXBuildFile; fileRef = 5F8AD43A29EF475100AFF2FB /* RegisterView.swift */; };
		5F8AD44029EF594700AFF2FB /* StartView.swift in Sources */ = {isa = PBXBuildFile; fileRef = 5F8AD43F29EF594700AFF2FB /* StartView.swift */; };
		5F8AD44529F030A900AFF2FB /* WideNButton.swift in Sources */ = {isa = PBXBuildFile; fileRef = 5F8AD44429F030A900AFF2FB /* WideNButton.swift */; };
		5F8AD44B29F0335E00AFF2FB /* BigHeader.swift in Sources */ = {isa = PBXBuildFile; fileRef = 5F8AD44A29F0335E00AFF2FB /* BigHeader.swift */; };
		5F8AD44E29F0357900AFF2FB /* IdentityInput.swift in Sources */ = {isa = PBXBuildFile; fileRef = 5F8AD44D29F0357900AFF2FB /* IdentityInput.swift */; };
		5F8AD45229F1E31800AFF2FB /* InputSeparator.swift in Sources */ = {isa = PBXBuildFile; fileRef = 5F8AD45129F1E31800AFF2FB /* InputSeparator.swift */; };
		5FDF2FB329F1F1970007D638 /* JWTResponse.swift in Sources */ = {isa = PBXBuildFile; fileRef = 5FDF2FB229F1F1970007D638 /* JWTResponse.swift */; };
		5FDF2FB529F1F1F40007D638 /* Login.swift in Sources */ = {isa = PBXBuildFile; fileRef = 5FDF2FB429F1F1F40007D638 /* Login.swift */; };
		5FDF2FB729F1F63A0007D638 /* RestApiErrorResponse.swift in Sources */ = {isa = PBXBuildFile; fileRef = 5FDF2FB629F1F63A0007D638 /* RestApiErrorResponse.swift */; };
		5FEB3C9F2A10EC9C009D77E0 /* NewWorkoutSession.swift in Sources */ = {isa = PBXBuildFile; fileRef = 5FEB3C9E2A10EC9C009D77E0 /* NewWorkoutSession.swift */; };
		5FEB3CA12A10ECC9009D77E0 /* NewSessionExercise.swift in Sources */ = {isa = PBXBuildFile; fileRef = 5FEB3CA02A10ECC9009D77E0 /* NewSessionExercise.swift */; };
		5FEB3CA32A10ECF1009D77E0 /* NewSessionExerciseSet.swift in Sources */ = {isa = PBXBuildFile; fileRef = 5FEB3CA22A10ECF1009D77E0 /* NewSessionExerciseSet.swift */; };
		5FEB3CA52A10ED4A009D77E0 /* NewSessionAPI.swift in Sources */ = {isa = PBXBuildFile; fileRef = 5FEB3CA42A10ED4A009D77E0 /* NewSessionAPI.swift */; };
		5FEB3CA72A10F5FE009D77E0 /* ProfileViewModel.swift in Sources */ = {isa = PBXBuildFile; fileRef = 5FEB3CA62A10F5FE009D77E0 /* ProfileViewModel.swift */; };
		5FEB3CA92A17C301009D77E0 /* RefreshTokenModel.swift in Sources */ = {isa = PBXBuildFile; fileRef = 5FEB3CA82A17C301009D77E0 /* RefreshTokenModel.swift */; };
		5FEB3CAB2A17CA17009D77E0 /* AppStateHandler.swift in Sources */ = {isa = PBXBuildFile; fileRef = 5FEB3CAA2A17CA17009D77E0 /* AppStateHandler.swift */; };
		5FEB3CAE2A17D7E8009D77E0 /* ItemWithName.swift in Sources */ = {isa = PBXBuildFile; fileRef = 5FEB3CAD2A17D7E8009D77E0 /* ItemWithName.swift */; };
		5FEC65712A0EE6D700633664 /* User.swift in Sources */ = {isa = PBXBuildFile; fileRef = 5FEC65702A0EE6D700633664 /* User.swift */; };
		5FEC65742A0EE76300633664 /* UsersAPI.swift in Sources */ = {isa = PBXBuildFile; fileRef = 5FEC65732A0EE76300633664 /* UsersAPI.swift */; };
		5FEC65762A0EF0B800633664 /* Workout.swift in Sources */ = {isa = PBXBuildFile; fileRef = 5FEC65752A0EF0B800633664 /* Workout.swift */; };
		5FEC657A2A0EF13C00633664 /* WorkoutsAPI.swift in Sources */ = {isa = PBXBuildFile; fileRef = 5FEC65792A0EF13C00633664 /* WorkoutsAPI.swift */; };
		5FEC657C2A0EF3D400633664 /* WorkoutExercise.swift in Sources */ = {isa = PBXBuildFile; fileRef = 5FEC657B2A0EF3D400633664 /* WorkoutExercise.swift */; };
		5FEC657E2A0EF87300633664 /* ExerciseItemsAPI.swift in Sources */ = {isa = PBXBuildFile; fileRef = 5FEC657D2A0EF87300633664 /* ExerciseItemsAPI.swift */; };
		5FEC65802A0EF88F00633664 /* ExerciseItem.swift in Sources */ = {isa = PBXBuildFile; fileRef = 5FEC657F2A0EF88F00633664 /* ExerciseItem.swift */; };
		5FEC65822A0EFC1C00633664 /* NewWorkout.swift in Sources */ = {isa = PBXBuildFile; fileRef = 5FEC65812A0EFC1C00633664 /* NewWorkout.swift */; };
		5FEC65842A0EFC4700633664 /* NewWorkoutExercise.swift in Sources */ = {isa = PBXBuildFile; fileRef = 5FEC65832A0EFC4700633664 /* NewWorkoutExercise.swift */; };
		5FF5021129EB3F800053E88B /* LoginView.swift in Sources */ = {isa = PBXBuildFile; fileRef = 5FF5021029EB3F800053E88B /* LoginView.swift */; };
/* End PBXBuildFile section */

/* Begin PBXFileReference section */
		5F01059129FFFE7800E0F44A /* Exercise.swift */ = {isa = PBXFileReference; lastKnownFileType = sourcecode.swift; path = Exercise.swift; sourceTree = "<group>"; };
		5F0105932A000E1F00E0F44A /* WorkoutDescriptionComponent.swift */ = {isa = PBXFileReference; lastKnownFileType = sourcecode.swift; path = WorkoutDescriptionComponent.swift; sourceTree = "<group>"; };
		5F0105952A0015FC00E0F44A /* AddExerciseView.swift */ = {isa = PBXFileReference; lastKnownFileType = sourcecode.swift; path = AddExerciseView.swift; sourceTree = "<group>"; };
		5F0105972A001A4D00E0F44A /* AddExerciseComponent.swift */ = {isa = PBXFileReference; lastKnownFileType = sourcecode.swift; path = AddExerciseComponent.swift; sourceTree = "<group>"; };
		5F0105992A0024ED00E0F44A /* CreateWorkoutExerciseComponent.swift */ = {isa = PBXFileReference; lastKnownFileType = sourcecode.swift; path = CreateWorkoutExerciseComponent.swift; sourceTree = "<group>"; };
		5F01059B2A00532400E0F44A /* CreateWorkoutExerciseSetComponent.swift */ = {isa = PBXFileReference; lastKnownFileType = sourcecode.swift; path = CreateWorkoutExerciseSetComponent.swift; sourceTree = "<group>"; };
		5F0105A32A00636400E0F44A /* WorkoutView.swift */ = {isa = PBXFileReference; lastKnownFileType = sourcecode.swift; path = WorkoutView.swift; sourceTree = "<group>"; };
		5F0105A52A00650D00E0F44A /* WorkoutViewExerciseComponent.swift */ = {isa = PBXFileReference; lastKnownFileType = sourcecode.swift; path = WorkoutViewExerciseComponent.swift; sourceTree = "<group>"; };
		5F1D864E29A521340083C470 /* FriendCardComponent.swift */ = {isa = PBXFileReference; lastKnownFileType = sourcecode.swift; path = FriendCardComponent.swift; sourceTree = "<group>"; };
		5F1D865229A528690083C470 /* LoadMoreFriendsPlusButton.swift */ = {isa = PBXFileReference; lastKnownFileType = sourcecode.swift; path = LoadMoreFriendsPlusButton.swift; sourceTree = "<group>"; };
		5F1D865429A52B4D0083C470 /* Person.swift */ = {isa = PBXFileReference; lastKnownFileType = sourcecode.swift; path = Person.swift; sourceTree = "<group>"; };
		5F1D865629A5310F0083C470 /* FeedPostComponent.swift */ = {isa = PBXFileReference; lastKnownFileType = sourcecode.swift; path = FeedPostComponent.swift; sourceTree = "<group>"; };
		5F1D865829A535260083C470 /* FeedHeaderComponent.swift */ = {isa = PBXFileReference; lastKnownFileType = sourcecode.swift; path = FeedHeaderComponent.swift; sourceTree = "<group>"; };
		5F1D865A29A536030083C470 /* CircleImageComponent.swift */ = {isa = PBXFileReference; lastKnownFileType = sourcecode.swift; path = CircleImageComponent.swift; sourceTree = "<group>"; };
		5F1D865D29A645EA0083C470 /* LineBreak.swift */ = {isa = PBXFileReference; lastKnownFileType = sourcecode.swift; path = LineBreak.swift; sourceTree = "<group>"; };
		5F503A0029F2D2D400C96B3C /* IdentityValidation.swift */ = {isa = PBXFileReference; lastKnownFileType = sourcecode.swift; path = IdentityValidation.swift; sourceTree = "<group>"; };
		5F534DF329EF448D0083284D /* WebController.swift */ = {isa = PBXFileReference; lastKnownFileType = sourcecode.swift; path = WebController.swift; sourceTree = "<group>"; };
		5F534DF629EF44AC0083284D /* Register.swift */ = {isa = PBXFileReference; lastKnownFileType = sourcecode.swift; path = Register.swift; sourceTree = "<group>"; };
		5F534DF929EF46470083284D /* AppState.swift */ = {isa = PBXFileReference; lastKnownFileType = sourcecode.swift; path = AppState.swift; sourceTree = "<group>"; };
		5F59D5C729ACF01100F73C26 /* CreateWorkoutView.swift */ = {isa = PBXFileReference; lastKnownFileType = sourcecode.swift; path = CreateWorkoutView.swift; sourceTree = "<group>"; };
		5F734C2429AE50BC000A442F /* WorkoutStatisticsView.swift */ = {isa = PBXFileReference; lastKnownFileType = sourcecode.swift; path = WorkoutStatisticsView.swift; sourceTree = "<group>"; };
		5F734C2629AE5134000A442F /* WorkoutStatisticsExerciseComponent.swift */ = {isa = PBXFileReference; lastKnownFileType = sourcecode.swift; path = WorkoutStatisticsExerciseComponent.swift; sourceTree = "<group>"; };
		5F78808F299E7FF0004DDBF5 /* training-log-app.app */ = {isa = PBXFileReference; explicitFileType = wrapper.application; includeInIndex = 0; path = "training-log-app.app"; sourceTree = BUILT_PRODUCTS_DIR; };
		5F788094299E7FF0004DDBF5 /* ContentView.swift */ = {isa = PBXFileReference; lastKnownFileType = sourcecode.swift; path = ContentView.swift; sourceTree = "<group>"; };
		5F788096299E7FF1004DDBF5 /* Assets.xcassets */ = {isa = PBXFileReference; lastKnownFileType = folder.assetcatalog; path = Assets.xcassets; sourceTree = "<group>"; };
		5F788099299E7FF1004DDBF5 /* Preview Assets.xcassets */ = {isa = PBXFileReference; lastKnownFileType = folder.assetcatalog; path = "Preview Assets.xcassets"; sourceTree = "<group>"; };
		5F78809B299E7FF1004DDBF5 /* Persistence.swift */ = {isa = PBXFileReference; lastKnownFileType = sourcecode.swift; path = Persistence.swift; sourceTree = "<group>"; };
		5F78809E299E7FF1004DDBF5 /* training_log_app.xcdatamodel */ = {isa = PBXFileReference; lastKnownFileType = wrapper.xcdatamodel; path = training_log_app.xcdatamodel; sourceTree = "<group>"; };
		5F788101299E9F86004DDBF5 /* NavigationBar.swift */ = {isa = PBXFileReference; lastKnownFileType = sourcecode.swift; path = NavigationBar.swift; sourceTree = "<group>"; };
		5F788106299F61BB004DDBF5 /* HomeView.swift */ = {isa = PBXFileReference; lastKnownFileType = sourcecode.swift; path = HomeView.swift; sourceTree = "<group>"; };
		5F78814429A395C1004DDBF5 /* AppEntry.swift */ = {isa = PBXFileReference; lastKnownFileType = sourcecode.swift; path = AppEntry.swift; sourceTree = "<group>"; };
		5F78814A29A3D435004DDBF5 /* TrainingMainView.swift */ = {isa = PBXFileReference; lastKnownFileType = sourcecode.swift; path = TrainingMainView.swift; sourceTree = "<group>"; };
		5F78814D29A3D4A2004DDBF5 /* devListItem.swift */ = {isa = PBXFileReference; lastKnownFileType = sourcecode.swift; path = devListItem.swift; sourceTree = "<group>"; };
		5F78815029A42D5D004DDBF5 /* TProgram.swift */ = {isa = PBXFileReference; lastKnownFileType = sourcecode.swift; path = TProgram.swift; sourceTree = "<group>"; };
		5F78815429A42D92004DDBF5 /* TSet.swift */ = {isa = PBXFileReference; lastKnownFileType = sourcecode.swift; path = TSet.swift; sourceTree = "<group>"; };
		5F78815629A42D98004DDBF5 /* TWorkout.swift */ = {isa = PBXFileReference; lastKnownFileType = sourcecode.swift; path = TWorkout.swift; sourceTree = "<group>"; };
		5F78815829A42D9D004DDBF5 /* TExercise.swift */ = {isa = PBXFileReference; lastKnownFileType = sourcecode.swift; path = TExercise.swift; sourceTree = "<group>"; };
		5F78815A29A42E36004DDBF5 /* Generator.swift */ = {isa = PBXFileReference; lastKnownFileType = sourcecode.swift; path = Generator.swift; sourceTree = "<group>"; };
		5F78816029A4F469004DDBF5 /* ProfileView.swift */ = {isa = PBXFileReference; lastKnownFileType = sourcecode.swift; path = ProfileView.swift; sourceTree = "<group>"; };
		5F78816229A4F5E2004DDBF5 /* ProfileHeaderComponent.swift */ = {isa = PBXFileReference; lastKnownFileType = sourcecode.swift; path = ProfileHeaderComponent.swift; sourceTree = "<group>"; };
		5F78816429A4F971004DDBF5 /* ProfileStatsComponent.swift */ = {isa = PBXFileReference; lastKnownFileType = sourcecode.swift; path = ProfileStatsComponent.swift; sourceTree = "<group>"; };
		5F78816629A4FAAE004DDBF5 /* ProfileDashboardComponent.swift */ = {isa = PBXFileReference; lastKnownFileType = sourcecode.swift; path = ProfileDashboardComponent.swift; sourceTree = "<group>"; };
		5F78816929A4FC30004DDBF5 /* BigRectangleButton.swift */ = {isa = PBXFileReference; lastKnownFileType = sourcecode.swift; path = BigRectangleButton.swift; sourceTree = "<group>"; };
		5F78816B29A51803004DDBF5 /* ProfileViewCalendarComponent.swift */ = {isa = PBXFileReference; lastKnownFileType = sourcecode.swift; path = ProfileViewCalendarComponent.swift; sourceTree = "<group>"; };
		5F89A84629F2092000F2D11E /* APIConstants.swift */ = {isa = PBXFileReference; lastKnownFileType = sourcecode.swift; path = APIConstants.swift; sourceTree = "<group>"; };
		5F8AD43A29EF475100AFF2FB /* RegisterView.swift */ = {isa = PBXFileReference; lastKnownFileType = sourcecode.swift; path = RegisterView.swift; sourceTree = "<group>"; };
		5F8AD43F29EF594700AFF2FB /* StartView.swift */ = {isa = PBXFileReference; lastKnownFileType = sourcecode.swift; path = StartView.swift; sourceTree = "<group>"; };
		5F8AD44429F030A900AFF2FB /* WideNButton.swift */ = {isa = PBXFileReference; lastKnownFileType = sourcecode.swift; path = WideNButton.swift; sourceTree = "<group>"; };
		5F8AD44A29F0335E00AFF2FB /* BigHeader.swift */ = {isa = PBXFileReference; lastKnownFileType = sourcecode.swift; path = BigHeader.swift; sourceTree = "<group>"; };
		5F8AD44D29F0357900AFF2FB /* IdentityInput.swift */ = {isa = PBXFileReference; lastKnownFileType = sourcecode.swift; path = IdentityInput.swift; sourceTree = "<group>"; };
		5F8AD45129F1E31800AFF2FB /* InputSeparator.swift */ = {isa = PBXFileReference; lastKnownFileType = sourcecode.swift; path = InputSeparator.swift; sourceTree = "<group>"; };
		5FDF2FB229F1F1970007D638 /* JWTResponse.swift */ = {isa = PBXFileReference; lastKnownFileType = sourcecode.swift; path = JWTResponse.swift; sourceTree = "<group>"; };
		5FDF2FB429F1F1F40007D638 /* Login.swift */ = {isa = PBXFileReference; lastKnownFileType = sourcecode.swift; path = Login.swift; sourceTree = "<group>"; };
		5FDF2FB629F1F63A0007D638 /* RestApiErrorResponse.swift */ = {isa = PBXFileReference; lastKnownFileType = sourcecode.swift; path = RestApiErrorResponse.swift; sourceTree = "<group>"; };
		5FEB3C9E2A10EC9C009D77E0 /* NewWorkoutSession.swift */ = {isa = PBXFileReference; lastKnownFileType = sourcecode.swift; path = NewWorkoutSession.swift; sourceTree = "<group>"; };
		5FEB3CA02A10ECC9009D77E0 /* NewSessionExercise.swift */ = {isa = PBXFileReference; lastKnownFileType = sourcecode.swift; path = NewSessionExercise.swift; sourceTree = "<group>"; };
		5FEB3CA22A10ECF1009D77E0 /* NewSessionExerciseSet.swift */ = {isa = PBXFileReference; lastKnownFileType = sourcecode.swift; path = NewSessionExerciseSet.swift; sourceTree = "<group>"; };
		5FEB3CA42A10ED4A009D77E0 /* NewSessionAPI.swift */ = {isa = PBXFileReference; lastKnownFileType = sourcecode.swift; path = NewSessionAPI.swift; sourceTree = "<group>"; };
		5FEB3CA62A10F5FE009D77E0 /* ProfileViewModel.swift */ = {isa = PBXFileReference; lastKnownFileType = sourcecode.swift; path = ProfileViewModel.swift; sourceTree = "<group>"; };
		5FEB3CA82A17C301009D77E0 /* RefreshTokenModel.swift */ = {isa = PBXFileReference; lastKnownFileType = sourcecode.swift; path = RefreshTokenModel.swift; sourceTree = "<group>"; };
		5FEB3CAA2A17CA17009D77E0 /* AppStateHandler.swift */ = {isa = PBXFileReference; lastKnownFileType = sourcecode.swift; path = AppStateHandler.swift; sourceTree = "<group>"; };
		5FEB3CAD2A17D7E8009D77E0 /* ItemWithName.swift */ = {isa = PBXFileReference; lastKnownFileType = sourcecode.swift; path = ItemWithName.swift; sourceTree = "<group>"; };
		5FEC65702A0EE6D700633664 /* User.swift */ = {isa = PBXFileReference; lastKnownFileType = sourcecode.swift; path = User.swift; sourceTree = "<group>"; };
		5FEC65732A0EE76300633664 /* UsersAPI.swift */ = {isa = PBXFileReference; lastKnownFileType = sourcecode.swift; path = UsersAPI.swift; sourceTree = "<group>"; };
		5FEC65752A0EF0B800633664 /* Workout.swift */ = {isa = PBXFileReference; lastKnownFileType = sourcecode.swift; path = Workout.swift; sourceTree = "<group>"; };
		5FEC65792A0EF13C00633664 /* WorkoutsAPI.swift */ = {isa = PBXFileReference; lastKnownFileType = sourcecode.swift; path = WorkoutsAPI.swift; sourceTree = "<group>"; };
		5FEC657B2A0EF3D400633664 /* WorkoutExercise.swift */ = {isa = PBXFileReference; lastKnownFileType = sourcecode.swift; path = WorkoutExercise.swift; sourceTree = "<group>"; };
		5FEC657D2A0EF87300633664 /* ExerciseItemsAPI.swift */ = {isa = PBXFileReference; lastKnownFileType = sourcecode.swift; path = ExerciseItemsAPI.swift; sourceTree = "<group>"; };
		5FEC657F2A0EF88F00633664 /* ExerciseItem.swift */ = {isa = PBXFileReference; lastKnownFileType = sourcecode.swift; path = ExerciseItem.swift; sourceTree = "<group>"; };
		5FEC65812A0EFC1C00633664 /* NewWorkout.swift */ = {isa = PBXFileReference; lastKnownFileType = sourcecode.swift; path = NewWorkout.swift; sourceTree = "<group>"; };
		5FEC65832A0EFC4700633664 /* NewWorkoutExercise.swift */ = {isa = PBXFileReference; lastKnownFileType = sourcecode.swift; path = NewWorkoutExercise.swift; sourceTree = "<group>"; };
		5FF5021029EB3F800053E88B /* LoginView.swift */ = {isa = PBXFileReference; lastKnownFileType = sourcecode.swift; path = LoginView.swift; sourceTree = "<group>"; };
/* End PBXFileReference section */

/* Begin PBXFrameworksBuildPhase section */
		5F78808C299E7FF0004DDBF5 /* Frameworks */ = {
			isa = PBXFrameworksBuildPhase;
			buildActionMask = 2147483647;
			files = (
			);
			runOnlyForDeploymentPostprocessing = 0;
		};
/* End PBXFrameworksBuildPhase section */

/* Begin PBXGroup section */
		5F1D865C29A536890083C470 /* Images */ = {
			isa = PBXGroup;
			children = (
				5F1D865A29A536030083C470 /* CircleImageComponent.swift */,
			);
			path = Images;
			sourceTree = "<group>";
		};
		5F5039FC29F2D2AB00C96B3C /* BLL */ = {
			isa = PBXGroup;
			children = (
				5F5039FD29F2D2AF00C96B3C /* Validation */,
			);
			path = BLL;
			sourceTree = "<group>";
		};
		5F5039FD29F2D2AF00C96B3C /* Validation */ = {
			isa = PBXGroup;
			children = (
				5F503A0029F2D2D400C96B3C /* IdentityValidation.swift */,
			);
			path = Validation;
			sourceTree = "<group>";
		};
		5F534DF229EF447A0083284D /* WebRequests */ = {
			isa = PBXGroup;
			children = (
				5F534DF329EF448D0083284D /* WebController.swift */,
				5F89A84629F2092000F2D11E /* APIConstants.swift */,
			);
			path = WebRequests;
			sourceTree = "<group>";
		};
		5F534DF529EF44A00083284D /* Public.DTO */ = {
			isa = PBXGroup;
			children = (
				5F8AD43D29EF49C900AFF2FB /* v1 */,
			);
			path = Public.DTO;
			sourceTree = "<group>";
		};
		5F534DF829EF463F0083284D /* AppState */ = {
			isa = PBXGroup;
			children = (
				5F534DF929EF46470083284D /* AppState.swift */,
				5FEB3CAA2A17CA17009D77E0 /* AppStateHandler.swift */,
			);
			path = AppState;
			sourceTree = "<group>";
		};
		5F788086299E7FF0004DDBF5 = {
			isa = PBXGroup;
			children = (
				5F788091299E7FF0004DDBF5 /* training-log-app */,
				5F788090299E7FF0004DDBF5 /* Products */,
			);
			sourceTree = "<group>";
		};
		5F788090299E7FF0004DDBF5 /* Products */ = {
			isa = PBXGroup;
			children = (
				5F78808F299E7FF0004DDBF5 /* training-log-app.app */,
			);
			name = Products;
			sourceTree = "<group>";
		};
		5F788091299E7FF0004DDBF5 /* training-log-app */ = {
			isa = PBXGroup;
			children = (
				5FEC65722A0EE75800633664 /* FAKE_API */,
				5FEC656D2A0EE67100633664 /* TESTING_MODELS */,
				5F788101299E9F86004DDBF5 /* NavigationBar.swift */,
				5F5039FC29F2D2AB00C96B3C /* BLL */,
				5F534DF829EF463F0083284D /* AppState */,
				5F534DF529EF44A00083284D /* Public.DTO */,
				5F534DF229EF447A0083284D /* WebRequests */,
				5F78814429A395C1004DDBF5 /* AppEntry.swift */,
				5F788108299F622F004DDBF5 /* Views */,
				5F788103299EA12D004DDBF5 /* DAL */,
				5F788100299E9F76004DDBF5 /* Components */,
				5F7880C1299E87B2004DDBF5 /* Model */,
				5F78814F29A42D3E004DDBF5 /* Development */,
				5F788096299E7FF1004DDBF5 /* Assets.xcassets */,
				5F788094299E7FF0004DDBF5 /* ContentView.swift */,
				5F78809B299E7FF1004DDBF5 /* Persistence.swift */,
				5F78809D299E7FF1004DDBF5 /* training_log_app.xcdatamodeld */,
				5F788098299E7FF1004DDBF5 /* Preview Content */,
			);
			path = "training-log-app";
			sourceTree = "<group>";
		};
		5F788098299E7FF1004DDBF5 /* Preview Content */ = {
			isa = PBXGroup;
			children = (
				5F788099299E7FF1004DDBF5 /* Preview Assets.xcassets */,
			);
			path = "Preview Content";
			sourceTree = "<group>";
		};
		5F7880C1299E87B2004DDBF5 /* Model */ = {
			isa = PBXGroup;
			children = (
			);
			path = Model;
			sourceTree = "<group>";
		};
		5F788100299E9F76004DDBF5 /* Components */ = {
			isa = PBXGroup;
			children = (
				5F8AD44C29F0356700AFF2FB /* Inputs */,
				5F8AD44929F0334E00AFF2FB /* Headers */,
				5F1D865C29A536890083C470 /* Images */,
				5F78816829A4FBF6004DDBF5 /* Buttons */,
				5F78816229A4F5E2004DDBF5 /* ProfileHeaderComponent.swift */,
				5F78816429A4F971004DDBF5 /* ProfileStatsComponent.swift */,
				5F78816629A4FAAE004DDBF5 /* ProfileDashboardComponent.swift */,
				5F78816B29A51803004DDBF5 /* ProfileViewCalendarComponent.swift */,
				5F1D864E29A521340083C470 /* FriendCardComponent.swift */,
				5F1D865629A5310F0083C470 /* FeedPostComponent.swift */,
				5F1D865829A535260083C470 /* FeedHeaderComponent.swift */,
				5F1D865D29A645EA0083C470 /* LineBreak.swift */,
				5F734C2629AE5134000A442F /* WorkoutStatisticsExerciseComponent.swift */,
				5F0105932A000E1F00E0F44A /* WorkoutDescriptionComponent.swift */,
				5F0105972A001A4D00E0F44A /* AddExerciseComponent.swift */,
				5F0105992A0024ED00E0F44A /* CreateWorkoutExerciseComponent.swift */,
				5F01059B2A00532400E0F44A /* CreateWorkoutExerciseSetComponent.swift */,
				5F0105A52A00650D00E0F44A /* WorkoutViewExerciseComponent.swift */,
			);
			path = Components;
			sourceTree = "<group>";
		};
		5F788103299EA12D004DDBF5 /* DAL */ = {
			isa = PBXGroup;
			children = (
			);
			path = DAL;
			sourceTree = "<group>";
		};
		5F788108299F622F004DDBF5 /* Views */ = {
			isa = PBXGroup;
			children = (
				5F8AD43E29EF592700AFF2FB /* Identity */,
				5F788106299F61BB004DDBF5 /* HomeView.swift */,
				5F78814A29A3D435004DDBF5 /* TrainingMainView.swift */,
				5F78816029A4F469004DDBF5 /* ProfileView.swift */,
				5F59D5C729ACF01100F73C26 /* CreateWorkoutView.swift */,
				5F734C2429AE50BC000A442F /* WorkoutStatisticsView.swift */,
				5F0105952A0015FC00E0F44A /* AddExerciseView.swift */,
				5F0105A32A00636400E0F44A /* WorkoutView.swift */,
			);
			path = Views;
			sourceTree = "<group>";
		};
		5F78814F29A42D3E004DDBF5 /* Development */ = {
			isa = PBXGroup;
			children = (
				5F78814D29A3D4A2004DDBF5 /* devListItem.swift */,
				5F78815029A42D5D004DDBF5 /* TProgram.swift */,
				5F78815429A42D92004DDBF5 /* TSet.swift */,
				5F78815629A42D98004DDBF5 /* TWorkout.swift */,
				5F78815829A42D9D004DDBF5 /* TExercise.swift */,
				5F78815A29A42E36004DDBF5 /* Generator.swift */,
				5F1D865429A52B4D0083C470 /* Person.swift */,
			);
			path = Development;
			sourceTree = "<group>";
		};
		5F78816829A4FBF6004DDBF5 /* Buttons */ = {
			isa = PBXGroup;
			children = (
				5F8AD44329F0309D00AFF2FB /* NavigationButtons */,
				5F78816929A4FC30004DDBF5 /* BigRectangleButton.swift */,
				5F1D865229A528690083C470 /* LoadMoreFriendsPlusButton.swift */,
			);
			path = Buttons;
			sourceTree = "<group>";
		};
		5F89A84329F201AE00F2D11E /* Domain */ = {
			isa = PBXGroup;
			children = (
				5F01059129FFFE7800E0F44A /* Exercise.swift */,
			);
			path = Domain;
			sourceTree = "<group>";
		};
		5F8AD43C29EF49C400AFF2FB /* Identity */ = {
			isa = PBXGroup;
			children = (
				5F534DF629EF44AC0083284D /* Register.swift */,
				5FDF2FB229F1F1970007D638 /* JWTResponse.swift */,
				5FDF2FB429F1F1F40007D638 /* Login.swift */,
				5FEB3CA82A17C301009D77E0 /* RefreshTokenModel.swift */,
			);
			path = Identity;
			sourceTree = "<group>";
		};
		5F8AD43D29EF49C900AFF2FB /* v1 */ = {
			isa = PBXGroup;
			children = (
				5F89A84329F201AE00F2D11E /* Domain */,
				5F8AD43C29EF49C400AFF2FB /* Identity */,
				5FDF2FB629F1F63A0007D638 /* RestApiErrorResponse.swift */,
			);
			path = v1;
			sourceTree = "<group>";
		};
		5F8AD43E29EF592700AFF2FB /* Identity */ = {
			isa = PBXGroup;
			children = (
				5FF5021029EB3F800053E88B /* LoginView.swift */,
				5F8AD43A29EF475100AFF2FB /* RegisterView.swift */,
				5F8AD43F29EF594700AFF2FB /* StartView.swift */,
			);
			path = Identity;
			sourceTree = "<group>";
		};
		5F8AD44329F0309D00AFF2FB /* NavigationButtons */ = {
			isa = PBXGroup;
			children = (
				5F8AD44429F030A900AFF2FB /* WideNButton.swift */,
			);
			path = NavigationButtons;
			sourceTree = "<group>";
		};
		5F8AD44929F0334E00AFF2FB /* Headers */ = {
			isa = PBXGroup;
			children = (
				5F8AD44A29F0335E00AFF2FB /* BigHeader.swift */,
			);
			path = Headers;
			sourceTree = "<group>";
		};
		5F8AD44C29F0356700AFF2FB /* Inputs */ = {
			isa = PBXGroup;
			children = (
				5F8AD44D29F0357900AFF2FB /* IdentityInput.swift */,
				5F8AD45129F1E31800AFF2FB /* InputSeparator.swift */,
			);
			path = Inputs;
			sourceTree = "<group>";
		};
		5FEB3C9B2A10EC8C009D77E0 /* NewWorkoutSession */ = {
			isa = PBXGroup;
			children = (
				5FEB3C9E2A10EC9C009D77E0 /* NewWorkoutSession.swift */,
				5FEB3CA02A10ECC9009D77E0 /* NewSessionExercise.swift */,
				5FEB3CA22A10ECF1009D77E0 /* NewSessionExerciseSet.swift */,
			);
			path = NewWorkoutSession;
			sourceTree = "<group>";
		};
		5FEB3CAC2A17D7DC009D77E0 /* RefreshTesting */ = {
			isa = PBXGroup;
			children = (
				5FEB3CAD2A17D7E8009D77E0 /* ItemWithName.swift */,
			);
			path = RefreshTesting;
			sourceTree = "<group>";
		};
		5FEC656D2A0EE67100633664 /* TESTING_MODELS */ = {
			isa = PBXGroup;
			children = (
				5FEB3CAC2A17D7DC009D77E0 /* RefreshTesting */,
				5FEB3C9B2A10EC8C009D77E0 /* NewWorkoutSession */,
				5FEC65702A0EE6D700633664 /* User.swift */,
				5FEC65752A0EF0B800633664 /* Workout.swift */,
				5FEC657B2A0EF3D400633664 /* WorkoutExercise.swift */,
				5FEC657F2A0EF88F00633664 /* ExerciseItem.swift */,
				5FEC65812A0EFC1C00633664 /* NewWorkout.swift */,
				5FEC65832A0EFC4700633664 /* NewWorkoutExercise.swift */,
				5FEB3CA62A10F5FE009D77E0 /* ProfileViewModel.swift */,
			);
			path = TESTING_MODELS;
			sourceTree = "<group>";
		};
		5FEC65722A0EE75800633664 /* FAKE_API */ = {
			isa = PBXGroup;
			children = (
				5FEC65732A0EE76300633664 /* UsersAPI.swift */,
				5FEC65792A0EF13C00633664 /* WorkoutsAPI.swift */,
				5FEC657D2A0EF87300633664 /* ExerciseItemsAPI.swift */,
				5FEB3CA42A10ED4A009D77E0 /* NewSessionAPI.swift */,
			);
			path = FAKE_API;
			sourceTree = "<group>";
		};
/* End PBXGroup section */

/* Begin PBXNativeTarget section */
		5F78808E299E7FF0004DDBF5 /* training-log-app */ = {
			isa = PBXNativeTarget;
			buildConfigurationList = 5F7880A2299E7FF1004DDBF5 /* Build configuration list for PBXNativeTarget "training-log-app" */;
			buildPhases = (
				5F78808B299E7FF0004DDBF5 /* Sources */,
				5F78808C299E7FF0004DDBF5 /* Frameworks */,
				5F78808D299E7FF0004DDBF5 /* Resources */,
			);
			buildRules = (
			);
			dependencies = (
			);
			name = "training-log-app";
			productName = "training-log-app";
			productReference = 5F78808F299E7FF0004DDBF5 /* training-log-app.app */;
			productType = "com.apple.product-type.application";
		};
/* End PBXNativeTarget section */

/* Begin PBXProject section */
		5F788087299E7FF0004DDBF5 /* Project object */ = {
			isa = PBXProject;
			attributes = {
				BuildIndependentTargetsInParallel = 1;
				LastSwiftUpdateCheck = 1420;
				LastUpgradeCheck = 1420;
				TargetAttributes = {
					5F78808E299E7FF0004DDBF5 = {
						CreatedOnToolsVersion = 14.2;
					};
				};
			};
			buildConfigurationList = 5F78808A299E7FF0004DDBF5 /* Build configuration list for PBXProject "training-log-app" */;
			compatibilityVersion = "Xcode 14.0";
			developmentRegion = en;
			hasScannedForEncodings = 0;
			knownRegions = (
				en,
				Base,
			);
			mainGroup = 5F788086299E7FF0004DDBF5;
			productRefGroup = 5F788090299E7FF0004DDBF5 /* Products */;
			projectDirPath = "";
			projectRoot = "";
			targets = (
				5F78808E299E7FF0004DDBF5 /* training-log-app */,
			);
		};
/* End PBXProject section */

/* Begin PBXResourcesBuildPhase section */
		5F78808D299E7FF0004DDBF5 /* Resources */ = {
			isa = PBXResourcesBuildPhase;
			buildActionMask = 2147483647;
			files = (
				5F78809A299E7FF1004DDBF5 /* Preview Assets.xcassets in Resources */,
				5F788097299E7FF1004DDBF5 /* Assets.xcassets in Resources */,
			);
			runOnlyForDeploymentPostprocessing = 0;
		};
/* End PBXResourcesBuildPhase section */

/* Begin PBXSourcesBuildPhase section */
		5F78808B299E7FF0004DDBF5 /* Sources */ = {
			isa = PBXSourcesBuildPhase;
			buildActionMask = 2147483647;
			files = (
				5FEC65822A0EFC1C00633664 /* NewWorkout.swift in Sources */,
				5FEC65842A0EFC4700633664 /* NewWorkoutExercise.swift in Sources */,
				5F8AD44E29F0357900AFF2FB /* IdentityInput.swift in Sources */,
				5F1D865729A5310F0083C470 /* FeedPostComponent.swift in Sources */,
				5F89A84729F2092000F2D11E /* APIConstants.swift in Sources */,
				5F78809C299E7FF1004DDBF5 /* Persistence.swift in Sources */,
				5FEC65802A0EF88F00633664 /* ExerciseItem.swift in Sources */,
				5F78816C29A51803004DDBF5 /* ProfileViewCalendarComponent.swift in Sources */,
				5FEB3CA92A17C301009D77E0 /* RefreshTokenModel.swift in Sources */,
				5F78816729A4FAAE004DDBF5 /* ProfileDashboardComponent.swift in Sources */,
				5F0105A62A00650D00E0F44A /* WorkoutViewExerciseComponent.swift in Sources */,
				5FEB3CA52A10ED4A009D77E0 /* NewSessionAPI.swift in Sources */,
				5F534DFA29EF46470083284D /* AppState.swift in Sources */,
				5FEB3CA12A10ECC9009D77E0 /* NewSessionExercise.swift in Sources */,
				5F01059C2A00532400E0F44A /* CreateWorkoutExerciseSetComponent.swift in Sources */,
				5F78814529A395C1004DDBF5 /* AppEntry.swift in Sources */,
				5FF5021129EB3F800053E88B /* LoginView.swift in Sources */,
				5F1D865E29A645EA0083C470 /* LineBreak.swift in Sources */,
				5F8AD45229F1E31800AFF2FB /* InputSeparator.swift in Sources */,
				5FEB3CA72A10F5FE009D77E0 /* ProfileViewModel.swift in Sources */,
				5F534DF729EF44AC0083284D /* Register.swift in Sources */,
				5FEC657A2A0EF13C00633664 /* WorkoutsAPI.swift in Sources */,
				5F59D5C829ACF01100F73C26 /* CreateWorkoutView.swift in Sources */,
				5F1D865929A535260083C470 /* FeedHeaderComponent.swift in Sources */,
				5FEB3CAB2A17CA17009D77E0 /* AppStateHandler.swift in Sources */,
				5FDF2FB729F1F63A0007D638 /* RestApiErrorResponse.swift in Sources */,
				5FEB3C9F2A10EC9C009D77E0 /* NewWorkoutSession.swift in Sources */,
				5F788107299F61BB004DDBF5 /* HomeView.swift in Sources */,
				5F1D864F29A521340083C470 /* FriendCardComponent.swift in Sources */,
				5FEC65742A0EE76300633664 /* UsersAPI.swift in Sources */,
				5F1D865B29A536030083C470 /* CircleImageComponent.swift in Sources */,
				5F503A0129F2D2D400C96B3C /* IdentityValidation.swift in Sources */,
				5F788102299E9F86004DDBF5 /* NavigationBar.swift in Sources */,
				5F0105942A000E1F00E0F44A /* WorkoutDescriptionComponent.swift in Sources */,
				5F734C2529AE50BC000A442F /* WorkoutStatisticsView.swift in Sources */,
				5FEC65712A0EE6D700633664 /* User.swift in Sources */,
				5F734C2729AE5134000A442F /* WorkoutStatisticsExerciseComponent.swift in Sources */,
				5F788095299E7FF0004DDBF5 /* ContentView.swift in Sources */,
				5FEC65762A0EF0B800633664 /* Workout.swift in Sources */,
				5F78816A29A4FC30004DDBF5 /* BigRectangleButton.swift in Sources */,
				5F78816329A4F5E2004DDBF5 /* ProfileHeaderComponent.swift in Sources */,
				5FEC657C2A0EF3D400633664 /* WorkoutExercise.swift in Sources */,
				5F78815129A42D5D004DDBF5 /* TProgram.swift in Sources */,
				5F78814B29A3D435004DDBF5 /* TrainingMainView.swift in Sources */,
				5FEB3CA32A10ECF1009D77E0 /* NewSessionExerciseSet.swift in Sources */,
				5F78815929A42D9D004DDBF5 /* TExercise.swift in Sources */,
				5F01059229FFFE7800E0F44A /* Exercise.swift in Sources */,
				5F1D865529A52B4D0083C470 /* Person.swift in Sources */,
				5F8AD44029EF594700AFF2FB /* StartView.swift in Sources */,
				5FDF2FB329F1F1970007D638 /* JWTResponse.swift in Sources */,
				5F78815529A42D92004DDBF5 /* TSet.swift in Sources */,
				5FEB3CAE2A17D7E8009D77E0 /* ItemWithName.swift in Sources */,
				5F78815729A42D98004DDBF5 /* TWorkout.swift in Sources */,
				5F01059A2A0024ED00E0F44A /* CreateWorkoutExerciseComponent.swift in Sources */,
				5F1D865329A528690083C470 /* LoadMoreFriendsPlusButton.swift in Sources */,
				5F0105962A0015FC00E0F44A /* AddExerciseView.swift in Sources */,
				5F8AD43B29EF475100AFF2FB /* RegisterView.swift in Sources */,
				5F78816129A4F469004DDBF5 /* ProfileView.swift in Sources */,
				5F0105A42A00636400E0F44A /* WorkoutView.swift in Sources */,
				5F78815B29A42E36004DDBF5 /* Generator.swift in Sources */,
				5FDF2FB529F1F1F40007D638 /* Login.swift in Sources */,
				5F534DF429EF448D0083284D /* WebController.swift in Sources */,
				5F78814E29A3D4A2004DDBF5 /* devListItem.swift in Sources */,
				5F8AD44B29F0335E00AFF2FB /* BigHeader.swift in Sources */,
				5FEC657E2A0EF87300633664 /* ExerciseItemsAPI.swift in Sources */,
				5F78809F299E7FF1004DDBF5 /* training_log_app.xcdatamodeld in Sources */,
				5F8AD44529F030A900AFF2FB /* WideNButton.swift in Sources */,
				5F0105982A001A4D00E0F44A /* AddExerciseComponent.swift in Sources */,
				5F78816529A4F971004DDBF5 /* ProfileStatsComponent.swift in Sources */,
			);
			runOnlyForDeploymentPostprocessing = 0;
		};
/* End PBXSourcesBuildPhase section */

/* Begin XCBuildConfiguration section */
		5F7880A0299E7FF1004DDBF5 /* Debug */ = {
			isa = XCBuildConfiguration;
			buildSettings = {
				ALWAYS_SEARCH_USER_PATHS = NO;
				CLANG_ANALYZER_NONNULL = YES;
				CLANG_ANALYZER_NUMBER_OBJECT_CONVERSION = YES_AGGRESSIVE;
				CLANG_CXX_LANGUAGE_STANDARD = "gnu++20";
				CLANG_ENABLE_MODULES = YES;
				CLANG_ENABLE_OBJC_ARC = YES;
				CLANG_ENABLE_OBJC_WEAK = YES;
				CLANG_WARN_BLOCK_CAPTURE_AUTORELEASING = YES;
				CLANG_WARN_BOOL_CONVERSION = YES;
				CLANG_WARN_COMMA = YES;
				CLANG_WARN_CONSTANT_CONVERSION = YES;
				CLANG_WARN_DEPRECATED_OBJC_IMPLEMENTATIONS = YES;
				CLANG_WARN_DIRECT_OBJC_ISA_USAGE = YES_ERROR;
				CLANG_WARN_DOCUMENTATION_COMMENTS = YES;
				CLANG_WARN_EMPTY_BODY = YES;
				CLANG_WARN_ENUM_CONVERSION = YES;
				CLANG_WARN_INFINITE_RECURSION = YES;
				CLANG_WARN_INT_CONVERSION = YES;
				CLANG_WARN_NON_LITERAL_NULL_CONVERSION = YES;
				CLANG_WARN_OBJC_IMPLICIT_RETAIN_SELF = YES;
				CLANG_WARN_OBJC_LITERAL_CONVERSION = YES;
				CLANG_WARN_OBJC_ROOT_CLASS = YES_ERROR;
				CLANG_WARN_QUOTED_INCLUDE_IN_FRAMEWORK_HEADER = YES;
				CLANG_WARN_RANGE_LOOP_ANALYSIS = YES;
				CLANG_WARN_STRICT_PROTOTYPES = YES;
				CLANG_WARN_SUSPICIOUS_MOVE = YES;
				CLANG_WARN_UNGUARDED_AVAILABILITY = YES_AGGRESSIVE;
				CLANG_WARN_UNREACHABLE_CODE = YES;
				CLANG_WARN__DUPLICATE_METHOD_MATCH = YES;
				COPY_PHASE_STRIP = NO;
				DEBUG_INFORMATION_FORMAT = dwarf;
				ENABLE_STRICT_OBJC_MSGSEND = YES;
				ENABLE_TESTABILITY = YES;
				GCC_C_LANGUAGE_STANDARD = gnu11;
				GCC_DYNAMIC_NO_PIC = NO;
				GCC_NO_COMMON_BLOCKS = YES;
				GCC_OPTIMIZATION_LEVEL = 0;
				GCC_PREPROCESSOR_DEFINITIONS = (
					"DEBUG=1",
					"$(inherited)",
				);
				GCC_WARN_64_TO_32_BIT_CONVERSION = YES;
				GCC_WARN_ABOUT_RETURN_TYPE = YES_ERROR;
				GCC_WARN_UNDECLARED_SELECTOR = YES;
				GCC_WARN_UNINITIALIZED_AUTOS = YES_AGGRESSIVE;
				GCC_WARN_UNUSED_FUNCTION = YES;
				GCC_WARN_UNUSED_VARIABLE = YES;
				IPHONEOS_DEPLOYMENT_TARGET = 16.2;
				MTL_ENABLE_DEBUG_INFO = INCLUDE_SOURCE;
				MTL_FAST_MATH = YES;
				ONLY_ACTIVE_ARCH = YES;
				SDKROOT = iphoneos;
				SWIFT_ACTIVE_COMPILATION_CONDITIONS = DEBUG;
				SWIFT_OPTIMIZATION_LEVEL = "-Onone";
			};
			name = Debug;
		};
		5F7880A1299E7FF1004DDBF5 /* Release */ = {
			isa = XCBuildConfiguration;
			buildSettings = {
				ALWAYS_SEARCH_USER_PATHS = NO;
				CLANG_ANALYZER_NONNULL = YES;
				CLANG_ANALYZER_NUMBER_OBJECT_CONVERSION = YES_AGGRESSIVE;
				CLANG_CXX_LANGUAGE_STANDARD = "gnu++20";
				CLANG_ENABLE_MODULES = YES;
				CLANG_ENABLE_OBJC_ARC = YES;
				CLANG_ENABLE_OBJC_WEAK = YES;
				CLANG_WARN_BLOCK_CAPTURE_AUTORELEASING = YES;
				CLANG_WARN_BOOL_CONVERSION = YES;
				CLANG_WARN_COMMA = YES;
				CLANG_WARN_CONSTANT_CONVERSION = YES;
				CLANG_WARN_DEPRECATED_OBJC_IMPLEMENTATIONS = YES;
				CLANG_WARN_DIRECT_OBJC_ISA_USAGE = YES_ERROR;
				CLANG_WARN_DOCUMENTATION_COMMENTS = YES;
				CLANG_WARN_EMPTY_BODY = YES;
				CLANG_WARN_ENUM_CONVERSION = YES;
				CLANG_WARN_INFINITE_RECURSION = YES;
				CLANG_WARN_INT_CONVERSION = YES;
				CLANG_WARN_NON_LITERAL_NULL_CONVERSION = YES;
				CLANG_WARN_OBJC_IMPLICIT_RETAIN_SELF = YES;
				CLANG_WARN_OBJC_LITERAL_CONVERSION = YES;
				CLANG_WARN_OBJC_ROOT_CLASS = YES_ERROR;
				CLANG_WARN_QUOTED_INCLUDE_IN_FRAMEWORK_HEADER = YES;
				CLANG_WARN_RANGE_LOOP_ANALYSIS = YES;
				CLANG_WARN_STRICT_PROTOTYPES = YES;
				CLANG_WARN_SUSPICIOUS_MOVE = YES;
				CLANG_WARN_UNGUARDED_AVAILABILITY = YES_AGGRESSIVE;
				CLANG_WARN_UNREACHABLE_CODE = YES;
				CLANG_WARN__DUPLICATE_METHOD_MATCH = YES;
				COPY_PHASE_STRIP = NO;
				DEBUG_INFORMATION_FORMAT = "dwarf-with-dsym";
				ENABLE_NS_ASSERTIONS = NO;
				ENABLE_STRICT_OBJC_MSGSEND = YES;
				GCC_C_LANGUAGE_STANDARD = gnu11;
				GCC_NO_COMMON_BLOCKS = YES;
				GCC_WARN_64_TO_32_BIT_CONVERSION = YES;
				GCC_WARN_ABOUT_RETURN_TYPE = YES_ERROR;
				GCC_WARN_UNDECLARED_SELECTOR = YES;
				GCC_WARN_UNINITIALIZED_AUTOS = YES_AGGRESSIVE;
				GCC_WARN_UNUSED_FUNCTION = YES;
				GCC_WARN_UNUSED_VARIABLE = YES;
				IPHONEOS_DEPLOYMENT_TARGET = 16.2;
				MTL_ENABLE_DEBUG_INFO = NO;
				MTL_FAST_MATH = YES;
				SDKROOT = iphoneos;
				SWIFT_COMPILATION_MODE = wholemodule;
				SWIFT_OPTIMIZATION_LEVEL = "-O";
				VALIDATE_PRODUCT = YES;
			};
			name = Release;
		};
		5F7880A3299E7FF1004DDBF5 /* Debug */ = {
			isa = XCBuildConfiguration;
			buildSettings = {
				ASSETCATALOG_COMPILER_APPICON_NAME = AppIcon;
				ASSETCATALOG_COMPILER_GLOBAL_ACCENT_COLOR_NAME = AccentColor;
				CODE_SIGN_STYLE = Automatic;
				CURRENT_PROJECT_VERSION = 1;
				DEVELOPMENT_ASSET_PATHS = "\"training-log-app/Preview Content\"";
				DEVELOPMENT_TEAM = ABH56Q8BM6;
				ENABLE_PREVIEWS = YES;
				GENERATE_INFOPLIST_FILE = YES;
				INFOPLIST_KEY_CFBundleDisplayName = "Training Logger";
				INFOPLIST_KEY_LSApplicationCategoryType = "public.app-category.sports";
				INFOPLIST_KEY_UIApplicationSceneManifest_Generation = YES;
				INFOPLIST_KEY_UIApplicationSupportsIndirectInputEvents = YES;
				INFOPLIST_KEY_UILaunchScreen_Generation = YES;
				INFOPLIST_KEY_UISupportedInterfaceOrientations_iPad = UIInterfaceOrientationPortrait;
				INFOPLIST_KEY_UISupportedInterfaceOrientations_iPhone = UIInterfaceOrientationPortrait;
				INFOPLIST_KEY_UIUserInterfaceStyle = Light;
				IPHONEOS_DEPLOYMENT_TARGET = 16.2;
				LD_RUNPATH_SEARCH_PATHS = (
					"$(inherited)",
					"@executable_path/Frameworks",
				);
				MARKETING_VERSION = 1.0;
				PRODUCT_BUNDLE_IDENTIFIER = "rreintal.training-log-app";
				PRODUCT_NAME = "$(TARGET_NAME)";
				SWIFT_EMIT_LOC_STRINGS = YES;
				SWIFT_VERSION = 5.0;
				TARGETED_DEVICE_FAMILY = "1,2";
			};
			name = Debug;
		};
		5F7880A4299E7FF1004DDBF5 /* Release */ = {
			isa = XCBuildConfiguration;
			buildSettings = {
				ASSETCATALOG_COMPILER_APPICON_NAME = AppIcon;
				ASSETCATALOG_COMPILER_GLOBAL_ACCENT_COLOR_NAME = AccentColor;
				CODE_SIGN_STYLE = Automatic;
				CURRENT_PROJECT_VERSION = 1;
				DEVELOPMENT_ASSET_PATHS = "\"training-log-app/Preview Content\"";
				DEVELOPMENT_TEAM = ABH56Q8BM6;
				ENABLE_PREVIEWS = YES;
				GENERATE_INFOPLIST_FILE = YES;
				INFOPLIST_KEY_CFBundleDisplayName = "Training Logger";
				INFOPLIST_KEY_LSApplicationCategoryType = "public.app-category.sports";
				INFOPLIST_KEY_UIApplicationSceneManifest_Generation = YES;
				INFOPLIST_KEY_UIApplicationSupportsIndirectInputEvents = YES;
				INFOPLIST_KEY_UILaunchScreen_Generation = YES;
				"INFOPLIST_KEY_UISupportedInterfaceOrientations[sdk=*]" = "";
				INFOPLIST_KEY_UISupportedInterfaceOrientations_iPad = UIInterfaceOrientationPortrait;
				INFOPLIST_KEY_UISupportedInterfaceOrientations_iPhone = UIInterfaceOrientationPortrait;
				INFOPLIST_KEY_UIUserInterfaceStyle = Light;
				IPHONEOS_DEPLOYMENT_TARGET = 16.2;
				LD_RUNPATH_SEARCH_PATHS = (
					"$(inherited)",
					"@executable_path/Frameworks",
				);
				MARKETING_VERSION = 1.0;
				PRODUCT_BUNDLE_IDENTIFIER = "rreintal.training-log-app";
				PRODUCT_NAME = "$(TARGET_NAME)";
				SWIFT_EMIT_LOC_STRINGS = YES;
				SWIFT_VERSION = 5.0;
				TARGETED_DEVICE_FAMILY = "1,2";
			};
			name = Release;
		};
/* End XCBuildConfiguration section */

/* Begin XCConfigurationList section */
		5F78808A299E7FF0004DDBF5 /* Build configuration list for PBXProject "training-log-app" */ = {
			isa = XCConfigurationList;
			buildConfigurations = (
				5F7880A0299E7FF1004DDBF5 /* Debug */,
				5F7880A1299E7FF1004DDBF5 /* Release */,
			);
			defaultConfigurationIsVisible = 0;
			defaultConfigurationName = Release;
		};
		5F7880A2299E7FF1004DDBF5 /* Build configuration list for PBXNativeTarget "training-log-app" */ = {
			isa = XCConfigurationList;
			buildConfigurations = (
				5F7880A3299E7FF1004DDBF5 /* Debug */,
				5F7880A4299E7FF1004DDBF5 /* Release */,
			);
			defaultConfigurationIsVisible = 0;
			defaultConfigurationName = Release;
		};
/* End XCConfigurationList section */

/* Begin XCVersionGroup section */
		5F78809D299E7FF1004DDBF5 /* training_log_app.xcdatamodeld */ = {
			isa = XCVersionGroup;
			children = (
				5F78809E299E7FF1004DDBF5 /* training_log_app.xcdatamodel */,
			);
			currentVersion = 5F78809E299E7FF1004DDBF5 /* training_log_app.xcdatamodel */;
			path = training_log_app.xcdatamodeld;
			sourceTree = "<group>";
			versionGroupType = wrapper.xcdatamodel;
		};
/* End XCVersionGroup section */
	};
	rootObject = 5F788087299E7FF0004DDBF5 /* Project object */;
}
